# THIS IS AN AUTOGENERATED FILE. DO NOT EDIT THIS FILE DIRECTLY.
assets/app.css:
  development: 2018-02-25T02:09:12-05:00   895da57135a44c4c5886b15816641097
assets/app.css.map:
  development: 2018-02-25T02:09:10-05:00   c4881a4db3f276de5e22ec8e25913db5
assets/app.js:
  development: 2018-02-25T15:51:37-05:00   af5540b5fd228fc73cfa2f10adafa5b6
assets/app.js.map:
  development: 2018-02-25T15:51:37-05:00   e6e7203a77a1a5cf54f1e754d0ac2b34
assets/manifest.js:
  development: 2018-02-24T15:26:53-05:00   d64713044d4b02b1808b535b4ebb880f
assets/manifest.js.map:
  development: 2018-02-25T15:51:38-05:00   2dbec01eac384d7ab46aa8903acf61b4
assets/vendor.js:
  development: 2018-02-25T01:17:32-05:00   d3ffb35d75084ba852e7938d72aae7ba
assets/vendor.js.map:
  development: 2018-02-25T01:17:33-05:00   9c17c134b33f9e01e212fd5efd45cd19
layout/theme.liquid:
  development: 2018-02-24T16:48:53-05:00   f0f286b45391f7b551c80fc4d883437e
snippets/collections-data-json.liquid:
  development: 2018-02-24T20:28:05-05:00   325275dd4bbaaadceea366f6e4a7e392
snippets/collections-data-script.liquid:
  development: 2018-02-24T20:28:05-05:00   98e10a0a47e09ca084c9219f7f8b4ec7
snippets/data-script-tags.liquid:
  development: 2018-02-25T00:02:45-05:00   67c6e0367b3c43dd553bf31bd8b567f1
snippets/linklist-data-script.liquid:
  development: 2018-02-25T00:02:46-05:00   a93f3ec2461950a77d300cbd8bb85b84
snippets/linklists-data-json.liquid:
  development: 2018-02-25T00:44:30-05:00   71f6e1ee6ec047e7141817e9c96efacf
snippets/linklists-data-script.liquid:
  development: 2018-02-25T00:03:37-05:00   a93f3ec2461950a77d300cbd8bb85b84
snippets/products-data-json.liquid:
  development: 2018-02-24T16:48:51-05:00   78deabb6ee8da7df2212f79e8eb839db
snippets/products-data-script.liquid:
  development: 2018-02-24T16:48:53-05:00   c98334285c3fb69b68f08f6f83ff4956
templates/collection.endpoint.liquid:
  development: 2018-02-25T02:19:44-05:00   7edf9a7ab398413606617a64f88f335b
templates/collections-endpoint.liquid:
  development: 2018-02-25T01:46:27-05:00   7edf9a7ab398413606617a64f88f335b
templates/collections.endpoint.liquid:
  development: 2018-02-25T01:22:14-05:00   7edf9a7ab398413606617a64f88f335b
templates/linklists-endpoint.liquid:
  development: 2018-02-25T01:46:27-05:00   8990a1363fbae5d70269272319890be9
templates/linklists.endpoint.liquid:
  development: 2018-02-25T00:11:59-05:00   8990a1363fbae5d70269272319890be9
templates/product-endpoint.liquid:
  development: 2018-02-25T01:46:28-05:00   5e3e06218c281d3f33f8bf934b20dee9
templates/product.endpoint.liquid:
  development: 2018-02-24T16:48:52-05:00   5e3e06218c281d3f33f8bf934b20dee9
